
Microsoft Visual Studio Solution File, Format Version 12.00
# Visual Studio Version 17
VisualStudioVersion = 17.4.33205.214
MinimumVisualStudioVersion = 10.0.40219.1
Project("{FAE04EC0-301F-11D3-BF4B-00C04F79EFBC}") = "3sem_4lab_kg", "3sem_4lab_kg.csproj", "{0394E24C-711D-4FF1-88C9-CA0EB23195DB}"
EndProject
Global
	GlobalSection(SolutionConfigurationPlatforms) = preSolution
		Debug|Any CPU = Debug|Any CPU
		Release|Any CPU = Release|Any CPU
	EndGlobalSection
	GlobalSection(ProjectConfigurationPlatforms) = postSolution
		{0394E24C-711D-4FF1-88C9-CA0EB23195DB}.Debug|Any CPU.ActiveCfg = Debug|Any CPU
		{0394E24C-711D-4FF1-88C9-CA0EB23195DB}.Debug|Any CPU.Build.0 = Debug|Any CPU
		{0394E24C-711D-4FF1-88C9-CA0EB23195DB}.Release|Any CPU.ActiveCfg = Release|Any CPU
		{0394E24C-711D-4FF1-88C9-CA0EB23195DB}.Release|Any CPU.Build.0 = Release|Any CPU
	EndGlobalSection
	GlobalSection(SolutionProperties) = preSolution
		HideSolutionNode = FALSE
	EndGlobalSection
	GlobalSection(ExtensibilityGlobals) = postSolution
		SolutionGuid = {D34EEF1D-538E-4C05-8367-F4AAB1BF3925}
	EndGlobalSection
EndGlobal
